
Microsoft Visual Studio Solution File, Format Version 12.00
# Visual Studio 15
VisualStudioVersion = 15.0.27428.2002
MinimumVisualStudioVersion = 10.0.40219.1
Project("{FAE04EC0-301F-11D3-BF4B-00C04F79EFBC}") = "ContactusAzureDemo.App", "ContactusAzureDemo.App\ContactusAzureDemo.App.csproj", "{2A4319D7-48AE-4342-8B58-FF84179DC8B7}"
EndProject
Project("{E53339B2-1760-4266-BCC7-CA923CBCF16C}") = "docker-compose", "docker-compose.dcproj", "{530A2BE3-4E5F-472B-8833-6C73041B350F}"
EndProject
Global
	GlobalSection(SolutionConfigurationPlatforms) = preSolution
		Debug|Any CPU = Debug|Any CPU
		Release|Any CPU = Release|Any CPU
	EndGlobalSection
	GlobalSection(ProjectConfigurationPlatforms) = postSolution
		{2A4319D7-48AE-4342-8B58-FF84179DC8B7}.Debug|Any CPU.ActiveCfg = Debug|Any CPU
		{2A4319D7-48AE-4342-8B58-FF84179DC8B7}.Debug|Any CPU.Build.0 = Debug|Any CPU
		{2A4319D7-48AE-4342-8B58-FF84179DC8B7}.Release|Any CPU.ActiveCfg = Release|Any CPU
		{2A4319D7-48AE-4342-8B58-FF84179DC8B7}.Release|Any CPU.Build.0 = Release|Any CPU
		{530A2BE3-4E5F-472B-8833-6C73041B350F}.Debug|Any CPU.ActiveCfg = Debug|Any CPU
		{530A2BE3-4E5F-472B-8833-6C73041B350F}.Debug|Any CPU.Build.0 = Debug|Any CPU
		{530A2BE3-4E5F-472B-8833-6C73041B350F}.Release|Any CPU.ActiveCfg = Release|Any CPU
		{530A2BE3-4E5F-472B-8833-6C73041B350F}.Release|Any CPU.Build.0 = Release|Any CPU
	EndGlobalSection
	GlobalSection(SolutionProperties) = preSolution
		HideSolutionNode = FALSE
	EndGlobalSection
	GlobalSection(ExtensibilityGlobals) = postSolution
		SolutionGuid = {FBF6C1ED-29BC-4424-9438-999B689E566A}
	EndGlobalSection
EndGlobal
